
Microsoft Visual Studio Solution File, Format Version 12.00
Project("{FAE04EC0-301F-11D3-BF4B-00C04F79EFBC}") = "DotNetCore.DependencyInjection", "DotNetCore.DependencyInjection\DotNetCore.DependencyInjection.csproj", "{968F8CCD-4474-4A3A-86B5-C70426DA1BFD}"
EndProject
Project("{FAE04EC0-301F-11D3-BF4B-00C04F79EFBC}") = "DotNetCore.Tests", "DotNetCore.Tests\DotNetCore.Tests.csproj", "{E459AB59-02E8-4E8F-A1B0-CA8AB074F6D5}"
EndProject
Global
	GlobalSection(SolutionConfigurationPlatforms) = preSolution
		Debug|Any CPU = Debug|Any CPU
		Release|Any CPU = Release|Any CPU
	EndGlobalSection
	GlobalSection(ProjectConfigurationPlatforms) = postSolution
		{968F8CCD-4474-4A3A-86B5-C70426DA1BFD}.Debug|Any CPU.ActiveCfg = Debug|Any CPU
		{968F8CCD-4474-4A3A-86B5-C70426DA1BFD}.Debug|Any CPU.Build.0 = Debug|Any CPU
		{968F8CCD-4474-4A3A-86B5-C70426DA1BFD}.Release|Any CPU.ActiveCfg = Release|Any CPU
		{968F8CCD-4474-4A3A-86B5-C70426DA1BFD}.Release|Any CPU.Build.0 = Release|Any CPU
		{E459AB59-02E8-4E8F-A1B0-CA8AB074F6D5}.Debug|Any CPU.ActiveCfg = Debug|Any CPU
		{E459AB59-02E8-4E8F-A1B0-CA8AB074F6D5}.Debug|Any CPU.Build.0 = Debug|Any CPU
		{E459AB59-02E8-4E8F-A1B0-CA8AB074F6D5}.Release|Any CPU.ActiveCfg = Release|Any CPU
		{E459AB59-02E8-4E8F-A1B0-CA8AB074F6D5}.Release|Any CPU.Build.0 = Release|Any CPU
	EndGlobalSection
EndGlobal
